
Microsoft Visual Studio Solution File, Format Version 12.00
# Visual Studio Version 16
VisualStudioVersion = 16.0.29709.97
MinimumVisualStudioVersion = 10.0.40219.1
Project("{FAE04EC0-301F-11D3-BF4B-00C04F79EFBC}") = "addressbook-web-tests-1", "addressbook-web-tests-1\addressbook-web-tests-1.csproj", "{9387E997-E112-4F18-943A-4B1ABF478EC8}"
EndProject
Project("{FAE04EC0-301F-11D3-BF4B-00C04F79EFBC}") = "addressbook-test-data-generators", "addressbook-test-data-generators\addressbook-test-data-generators.csproj", "{B7A4DF04-49E3-4FE5-9EED-221D158AA3D9}"
	ProjectSection(ProjectDependencies) = postProject
		{9387E997-E112-4F18-943A-4B1ABF478EC8} = {9387E997-E112-4F18-943A-4B1ABF478EC8}
	EndProjectSection
EndProject
Global
	GlobalSection(SolutionConfigurationPlatforms) = preSolution
		Debug|Any CPU = Debug|Any CPU
		Release|Any CPU = Release|Any CPU
	EndGlobalSection
	GlobalSection(ProjectConfigurationPlatforms) = postSolution
		{9387E997-E112-4F18-943A-4B1ABF478EC8}.Debug|Any CPU.ActiveCfg = Debug|Any CPU
		{9387E997-E112-4F18-943A-4B1ABF478EC8}.Debug|Any CPU.Build.0 = Debug|Any CPU
		{9387E997-E112-4F18-943A-4B1ABF478EC8}.Release|Any CPU.ActiveCfg = Release|Any CPU
		{9387E997-E112-4F18-943A-4B1ABF478EC8}.Release|Any CPU.Build.0 = Release|Any CPU
		{B7A4DF04-49E3-4FE5-9EED-221D158AA3D9}.Debug|Any CPU.ActiveCfg = Debug|Any CPU
		{B7A4DF04-49E3-4FE5-9EED-221D158AA3D9}.Debug|Any CPU.Build.0 = Debug|Any CPU
		{B7A4DF04-49E3-4FE5-9EED-221D158AA3D9}.Release|Any CPU.ActiveCfg = Release|Any CPU
		{B7A4DF04-49E3-4FE5-9EED-221D158AA3D9}.Release|Any CPU.Build.0 = Release|Any CPU
	EndGlobalSection
	GlobalSection(SolutionProperties) = preSolution
		HideSolutionNode = FALSE
	EndGlobalSection
	GlobalSection(ExtensibilityGlobals) = postSolution
		SolutionGuid = {EF0CE101-AF11-476D-BD70-54D2464798C5}
	EndGlobalSection
EndGlobal
